# This file was autogenerated by Stack.
# You should not edit this file by hand.
# For more information, please see the documentation at:
#   https://docs.haskellstack.org/en/stable/lock_files

packages:
- completed:
    hackage: random-1.2.0@sha256:195506fedaa7c31c1fa2a747e9b49b4a5d1f0b09dd8f1291f23a771656faeec3,6097
    pantry-tree:
      sha256: 77505a2919b4d1d84abc36c995046f661741251e58a592ed826b7c1aee1c044c
      size: 1259
  original:
    hackage: random-1.2.0
- completed:
    hackage: criterion-1.5.9.0@sha256:a8f5ad337c933d0cf49dea6302ac577f9e0306eaf80ea246619b7bf1b626059a,5361
    pantry-tree:
      sha256: 4090d8f51fef71ea7a6c72deebad646544a3393bbfd8b78efd4a708db35936fa
      size: 2265
  original:
    hackage: criterion-1.5.9.0
snapshots:
- completed:
    sha256: 8809197159ce65ec2d66f91982e4844ad0c2cbd1126df42146dd103c0ea6cac0
    size: 640063
    url: https://raw.githubusercontent.com/commercialhaskell/stackage-snapshots/master/lts/21/23.yaml
  original:
    url: https://raw.githubusercontent.com/commercialhaskell/stackage-snapshots/master/lts/21/23.yaml
